// !$*UTF8*$!
{
	archiveVersion = 1;
	classes = {
	};
	objectVersion = 50;
	objects = {

/* Begin PBXBuildFile section */
		6C3C88D02691FAED00747EBE /* UIView+MyState.m in Sources */ = {isa = PBXBuildFile; fileRef = 6C3C88CF2691FAED00747EBE /* UIView+MyState.m */; };
		6C3C88D32692298300747EBE /* UIButton+SetUp.m in Sources */ = {isa = PBXBuildFile; fileRef = 6C3C88D22692298300747EBE /* UIButton+SetUp.m */; };
		6C934C36268E381900711926 /* ViewController.m in Sources */ = {isa = PBXBuildFile; fileRef = 6C934C34268E381900711926 /* ViewController.m */; };
		6C934C37268E381900711926 /* ViewController.xib in Resources */ = {isa = PBXBuildFile; fileRef = 6C934C35268E381900711926 /* ViewController.xib */; };
		6CE4859E268E1F3100636AFB /* AppDelegate.m in Sources */ = {isa = PBXBuildFile; fileRef = 6CE4859D268E1F3100636AFB /* AppDelegate.m */; };
		6CE485A9268E1F3800636AFB /* Assets.xcassets in Resources */ = {isa = PBXBuildFile; fileRef = 6CE485A8268E1F3800636AFB /* Assets.xcassets */; };
		6CE485AC268E1F3800636AFB /* LaunchScreen.storyboard in Resources */ = {isa = PBXBuildFile; fileRef = 6CE485AA268E1F3800636AFB /* LaunchScreen.storyboard */; };
		6CE485AF268E1F3800636AFB /* main.m in Sources */ = {isa = PBXBuildFile; fileRef = 6CE485AE268E1F3800636AFB /* main.m */; };
/* End PBXBuildFile section */

/* Begin PBXFileReference section */
		6C3C88CE2691FAED00747EBE /* UIView+MyState.h */ = {isa = PBXFileReference; lastKnownFileType = sourcecode.c.h; path = "UIView+MyState.h"; sourceTree = "<group>"; };
		6C3C88CF2691FAED00747EBE /* UIView+MyState.m */ = {isa = PBXFileReference; lastKnownFileType = sourcecode.c.objc; path = "UIView+MyState.m"; sourceTree = "<group>"; };
		6C3C88D12692298300747EBE /* UIButton+SetUp.h */ = {isa = PBXFileReference; lastKnownFileType = sourcecode.c.h; path = "UIButton+SetUp.h"; sourceTree = "<group>"; };
		6C3C88D22692298300747EBE /* UIButton+SetUp.m */ = {isa = PBXFileReference; lastKnownFileType = sourcecode.c.objc; path = "UIButton+SetUp.m"; sourceTree = "<group>"; };
		6C934C33268E381900711926 /* ViewController.h */ = {isa = PBXFileReference; lastKnownFileType = sourcecode.c.h; path = ViewController.h; sourceTree = "<group>"; };
		6C934C34268E381900711926 /* ViewController.m */ = {isa = PBXFileReference; lastKnownFileType = sourcecode.c.objc; path = ViewController.m; sourceTree = "<group>"; };
		6C934C35268E381900711926 /* ViewController.xib */ = {isa = PBXFileReference; lastKnownFileType = file.xib; path = ViewController.xib; sourceTree = "<group>"; };
		6CE48599268E1F3100636AFB /* RSLoginScreen.app */ = {isa = PBXFileReference; explicitFileType = wrapper.application; includeInIndex = 0; path = RSLoginScreen.app; sourceTree = BUILT_PRODUCTS_DIR; };
		6CE4859C268E1F3100636AFB /* AppDelegate.h */ = {isa = PBXFileReference; lastKnownFileType = sourcecode.c.h; path = AppDelegate.h; sourceTree = "<group>"; };
		6CE4859D268E1F3100636AFB /* AppDelegate.m */ = {isa = PBXFileReference; lastKnownFileType = sourcecode.c.objc; path = AppDelegate.m; sourceTree = "<group>"; };
		6CE485A8268E1F3800636AFB /* Assets.xcassets */ = {isa = PBXFileReference; lastKnownFileType = folder.assetcatalog; path = Assets.xcassets; sourceTree = "<group>"; };
		6CE485AB268E1F3800636AFB /* Base */ = {isa = PBXFileReference; lastKnownFileType = file.storyboard; name = Base; path = Base.lproj/LaunchScreen.storyboard; sourceTree = "<group>"; };
		6CE485AD268E1F3800636AFB /* Info.plist */ = {isa = PBXFileReference; lastKnownFileType = text.plist.xml; path = Info.plist; sourceTree = "<group>"; };
		6CE485AE268E1F3800636AFB /* main.m */ = {isa = PBXFileReference; lastKnownFileType = sourcecode.c.objc; path = main.m; sourceTree = "<group>"; };
/* End PBXFileReference section */

/* Begin PBXFrameworksBuildPhase section */
		6CE48596268E1F3100636AFB /* Frameworks */ = {
			isa = PBXFrameworksBuildPhase;
			buildActionMask = 2147483647;
			files = (
			);
			runOnlyForDeploymentPostprocessing = 0;
		};
/* End PBXFrameworksBuildPhase section */

/* Begin PBXGroup section */
		6CE48590268E1F3100636AFB = {
			isa = PBXGroup;
			children = (
				6CE4859B268E1F3100636AFB /* RSLoginScreen */,
				6CE4859A268E1F3100636AFB /* Products */,
			);
			sourceTree = "<group>";
		};
		6CE4859A268E1F3100636AFB /* Products */ = {
			isa = PBXGroup;
			children = (
				6CE48599268E1F3100636AFB /* RSLoginScreen.app */,
			);
			name = Products;
			sourceTree = "<group>";
		};
		6CE4859B268E1F3100636AFB /* RSLoginScreen */ = {
			isa = PBXGroup;
			children = (
				6CE4859C268E1F3100636AFB /* AppDelegate.h */,
				6CE4859D268E1F3100636AFB /* AppDelegate.m */,
				6C934C33268E381900711926 /* ViewController.h */,
				6C934C34268E381900711926 /* ViewController.m */,
				6C3C88D12692298300747EBE /* UIButton+SetUp.h */,
				6C3C88D22692298300747EBE /* UIButton+SetUp.m */,
				6C3C88CE2691FAED00747EBE /* UIView+MyState.h */,
				6C3C88CF2691FAED00747EBE /* UIView+MyState.m */,
				6C934C35268E381900711926 /* ViewController.xib */,
				6CE485A8268E1F3800636AFB /* Assets.xcassets */,
				6CE485AA268E1F3800636AFB /* LaunchScreen.storyboard */,
				6CE485AD268E1F3800636AFB /* Info.plist */,
				6CE485AE268E1F3800636AFB /* main.m */,
			);
			path = RSLoginScreen;
			sourceTree = "<group>";
		};
/* End PBXGroup section */

/* Begin PBXNativeTarget section */
		6CE48598268E1F3100636AFB /* RSLoginScreen */ = {
			isa = PBXNativeTarget;
			buildConfigurationList = 6CE485B2268E1F3800636AFB /* Build configuration list for PBXNativeTarget "RSLoginScreen" */;
			buildPhases = (
				6CE48595268E1F3100636AFB /* Sources */,
				6CE48596268E1F3100636AFB /* Frameworks */,
				6CE48597268E1F3100636AFB /* Resources */,
			);
			buildRules = (
			);
			dependencies = (
			);
			name = RSLoginScreen;
			productName = RSLoginScreen;
			productReference = 6CE48599268E1F3100636AFB /* RSLoginScreen.app */;
			productType = "com.apple.product-type.application";
		};
/* End PBXNativeTarget section */

/* Begin PBXProject section */
		6CE48591268E1F3100636AFB /* Project object */ = {
			isa = PBXProject;
			attributes = {
				LastUpgradeCheck = 1250;
				TargetAttributes = {
					6CE48598268E1F3100636AFB = {
						CreatedOnToolsVersion = 12.5;
					};
				};
			};
			buildConfigurationList = 6CE48594268E1F3100636AFB /* Build configuration list for PBXProject "RSLoginScreen" */;
			compatibilityVersion = "Xcode 9.3";
			developmentRegion = en;
			hasScannedForEncodings = 0;
			knownRegions = (
				en,
				Base,
			);
			mainGroup = 6CE48590268E1F3100636AFB;
			productRefGroup = 6CE4859A268E1F3100636AFB /* Products */;
			projectDirPath = "";
			projectRoot = "";
			targets = (
				6CE48598268E1F3100636AFB /* RSLoginScreen */,
			);
		};
/* End PBXProject section */

/* Begin PBXResourcesBuildPhase section */
		6CE48597268E1F3100636AFB /* Resources */ = {
			isa = PBXResourcesBuildPhase;
			buildActionMask = 2147483647;
			files = (
				6CE485AC268E1F3800636AFB /* LaunchScreen.storyboard in Resources */,
				6C934C37268E381900711926 /* ViewController.xib in Resources */,
				6CE485A9268E1F3800636AFB /* Assets.xcassets in Resources */,
			);
			runOnlyForDeploymentPostprocessing = 0;
		};
/* End PBXResourcesBuildPhase section */

/* Begin PBXSourcesBuildPhase section */
		6CE48595268E1F3100636AFB /* Sources */ = {
			isa = PBXSourcesBuildPhase;
			buildActionMask = 2147483647;
			files = (
				6C3C88D32692298300747EBE /* UIButton+SetUp.m in Sources */,
				6C3C88D02691FAED00747EBE /* UIView+MyState.m in Sources */,
				6C934C36268E381900711926 /* ViewController.m in Sources */,
				6CE4859E268E1F3100636AFB /* AppDelegate.m in Sources */,
				6CE485AF268E1F3800636AFB /* main.m in Sources */,
			);
			runOnlyForDeploymentPostprocessing = 0;
		};
/* End PBXSourcesBuildPhase section */

/* Begin PBXVariantGroup section */
		6CE485AA268E1F3800636AFB /* LaunchScreen.storyboard */ = {
			isa = PBXVariantGroup;
			children = (
				6CE485AB268E1F3800636AFB /* Base */,
			);
			name = LaunchScreen.storyboard;
			sourceTree = "<group>";
		};
/* End PBXVariantGroup section */

/* Begin XCBuildConfiguration section */
		6CE485B0268E1F3800636AFB /* Debug */ = {
			isa = XCBuildConfiguration;
			buildSettings = {
				ALWAYS_SEARCH_USER_PATHS = NO;
				CLANG_ANALYZER_NONNULL = YES;
				CLANG_ANALYZER_NUMBER_OBJECT_CONVERSION = YES_AGGRESSIVE;
				CLANG_CXX_LANGUAGE_STANDARD = "gnu++14";
				CLANG_CXX_LIBRARY = "libc++";
				CLANG_ENABLE_MODULES = YES;
				CLANG_ENABLE_OBJC_ARC = YES;
				CLANG_ENABLE_OBJC_WEAK = YES;
				CLANG_WARN_BLOCK_CAPTURE_AUTORELEASING = YES;
				CLANG_WARN_BOOL_CONVERSION = YES;
				CLANG_WARN_COMMA = YES;
				CLANG_WARN_CONSTANT_CONVERSION = YES;
				CLANG_WARN_DEPRECATED_OBJC_IMPLEMENTATIONS = YES;
				CLANG_WARN_DIRECT_OBJC_ISA_USAGE = YES_ERROR;
				CLANG_WARN_DOCUMENTATION_COMMENTS = YES;
				CLANG_WARN_EMPTY_BODY = YES;
				CLANG_WARN_ENUM_CONVERSION = YES;
				CLANG_WARN_INFINITE_RECURSION = YES;
				CLANG_WARN_INT_CONVERSION = YES;
				CLANG_WARN_NON_LITERAL_NULL_CONVERSION = YES;
				CLANG_WARN_OBJC_IMPLICIT_RETAIN_SELF = YES;
				CLANG_WARN_OBJC_LITERAL_CONVERSION = YES;
				CLANG_WARN_OBJC_ROOT_CLASS = YES_ERROR;
				CLANG_WARN_QUOTED_INCLUDE_IN_FRAMEWORK_HEADER = YES;
				CLANG_WARN_RANGE_LOOP_ANALYSIS = YES;
				CLANG_WARN_STRICT_PROTOTYPES = YES;
				CLANG_WARN_SUSPICIOUS_MOVE = YES;
				CLANG_WARN_UNGUARDED_AVAILABILITY = YES_AGGRESSIVE;
				CLANG_WARN_UNREACHABLE_CODE = YES;
				CLANG_WARN__DUPLICATE_METHOD_MATCH = YES;
				COPY_PHASE_STRIP = NO;
				DEBUG_INFORMATION_FORMAT = dwarf;
				ENABLE_STRICT_OBJC_MSGSEND = YES;
				ENABLE_TESTABILITY = YES;
				GCC_C_LANGUAGE_STANDARD = gnu11;
				GCC_DYNAMIC_NO_PIC = NO;
				GCC_NO_COMMON_BLOCKS = YES;
				GCC_OPTIMIZATION_LEVEL = 0;
				GCC_PREPROCESSOR_DEFINITIONS = (
					"DEBUG=1",
					"$(inherited)",
				);
				GCC_WARN_64_TO_32_BIT_CONVERSION = YES;
				GCC_WARN_ABOUT_RETURN_TYPE = YES_ERROR;
				GCC_WARN_UNDECLARED_SELECTOR = YES;
				GCC_WARN_UNINITIALIZED_AUTOS = YES_AGGRESSIVE;
				GCC_WARN_UNUSED_FUNCTION = YES;
				GCC_WARN_UNUSED_VARIABLE = YES;
				IPHONEOS_DEPLOYMENT_TARGET = 12.1;
				MTL_ENABLE_DEBUG_INFO = INCLUDE_SOURCE;
				MTL_FAST_MATH = YES;
				ONLY_ACTIVE_ARCH = YES;
				SDKROOT = iphoneos;
			};
			name = Debug;
		};
		6CE485B1268E1F3800636AFB /* Release */ = {
			isa = XCBuildConfiguration;
			buildSettings = {
				ALWAYS_SEARCH_USER_PATHS = NO;
				CLANG_ANALYZER_NONNULL = YES;
				CLANG_ANALYZER_NUMBER_OBJECT_CONVERSION = YES_AGGRESSIVE;
				CLANG_CXX_LANGUAGE_STANDARD = "gnu++14";
				CLANG_CXX_LIBRARY = "libc++";
				CLANG_ENABLE_MODULES = YES;
				CLANG_ENABLE_OBJC_ARC = YES;
				CLANG_ENABLE_OBJC_WEAK = YES;
				CLANG_WARN_BLOCK_CAPTURE_AUTORELEASING = YES;
				CLANG_WARN_BOOL_CONVERSION = YES;
				CLANG_WARN_COMMA = YES;
				CLANG_WARN_CONSTANT_CONVERSION = YES;
				CLANG_WARN_DEPRECATED_OBJC_IMPLEMENTATIONS = YES;
				CLANG_WARN_DIRECT_OBJC_ISA_USAGE = YES_ERROR;
				CLANG_WARN_DOCUMENTATION_COMMENTS = YES;
				CLANG_WARN_EMPTY_BODY = YES;
				CLANG_WARN_ENUM_CONVERSION = YES;
				CLANG_WARN_INFINITE_RECURSION = YES;
				CLANG_WARN_INT_CONVERSION = YES;
				CLANG_WARN_NON_LITERAL_NULL_CONVERSION = YES;
				CLANG_WARN_OBJC_IMPLICIT_RETAIN_SELF = YES;
				CLANG_WARN_OBJC_LITERAL_CONVERSION = YES;
				CLANG_WARN_OBJC_ROOT_CLASS = YES_ERROR;
				CLANG_WARN_QUOTED_INCLUDE_IN_FRAMEWORK_HEADER = YES;
				CLANG_WARN_RANGE_LOOP_ANALYSIS = YES;
				CLANG_WARN_STRICT_PROTOTYPES = YES;
				CLANG_WARN_SUSPICIOUS_MOVE = YES;
				CLANG_WARN_UNGUARDED_AVAILABILITY = YES_AGGRESSIVE;
				CLANG_WARN_UNREACHABLE_CODE = YES;
				CLANG_WARN__DUPLICATE_METHOD_MATCH = YES;
				COPY_PHASE_STRIP = NO;
				DEBUG_INFORMATION_FORMAT = "dwarf-with-dsym";
				ENABLE_NS_ASSERTIONS = NO;
				ENABLE_STRICT_OBJC_MSGSEND = YES;
				GCC_C_LANGUAGE_STANDARD = gnu11;
				GCC_NO_COMMON_BLOCKS = YES;
				GCC_WARN_64_TO_32_BIT_CONVERSION = YES;
				GCC_WARN_ABOUT_RETURN_TYPE = YES_ERROR;
				GCC_WARN_UNDECLARED_SELECTOR = YES;
				GCC_WARN_UNINITIALIZED_AUTOS = YES_AGGRESSIVE;
				GCC_WARN_UNUSED_FUNCTION = YES;
				GCC_WARN_UNUSED_VARIABLE = YES;
				IPHONEOS_DEPLOYMENT_TARGET = 12.1;
				MTL_ENABLE_DEBUG_INFO = NO;
				MTL_FAST_MATH = YES;
				SDKROOT = iphoneos;
				VALIDATE_PRODUCT = YES;
			};
			name = Release;
		};
		6CE485B3268E1F3800636AFB /* Debug */ = {
			isa = XCBuildConfiguration;
			buildSettings = {
				ASSETCATALOG_COMPILER_APPICON_NAME = AppIcon;
				ASSETCATALOG_COMPILER_GLOBAL_ACCENT_COLOR_NAME = AccentColor;
				CODE_SIGN_STYLE = Automatic;
				DEVELOPMENT_TEAM = H667QRM4K6;
				INFOPLIST_FILE = RSLoginScreen/Info.plist;
				IPHONEOS_DEPLOYMENT_TARGET = 12.1;
				LD_RUNPATH_SEARCH_PATHS = (
					"$(inherited)",
					"@executable_path/Frameworks",
				);
				PRODUCT_BUNDLE_IDENTIFIER = PoliubinEE.RSLoginScreen;
				PRODUCT_NAME = "$(TARGET_NAME)";
				TARGETED_DEVICE_FAMILY = 1;
			};
			name = Debug;
		};
		6CE485B4268E1F3800636AFB /* Release */ = {
			isa = XCBuildConfiguration;
			buildSettings = {
				ASSETCATALOG_COMPILER_APPICON_NAME = AppIcon;
				ASSETCATALOG_COMPILER_GLOBAL_ACCENT_COLOR_NAME = AccentColor;
				CODE_SIGN_STYLE = Automatic;
				DEVELOPMENT_TEAM = H667QRM4K6;
				INFOPLIST_FILE = RSLoginScreen/Info.plist;
				IPHONEOS_DEPLOYMENT_TARGET = 12.1;
				LD_RUNPATH_SEARCH_PATHS = (
					"$(inherited)",
					"@executable_path/Frameworks",
				);
				PRODUCT_BUNDLE_IDENTIFIER = PoliubinEE.RSLoginScreen;
				PRODUCT_NAME = "$(TARGET_NAME)";
				TARGETED_DEVICE_FAMILY = 1;
			};
			name = Release;
		};
/* End XCBuildConfiguration section */

/* Begin XCConfigurationList section */
		6CE48594268E1F3100636AFB /* Build configuration list for PBXProject "RSLoginScreen" */ = {
			isa = XCConfigurationList;
			buildConfigurations = (
				6CE485B0268E1F3800636AFB /* Debug */,
				6CE485B1268E1F3800636AFB /* Release */,
			);
			defaultConfigurationIsVisible = 0;
			defaultConfigurationName = Release;
		};
		6CE485B2268E1F3800636AFB /* Build configuration list for PBXNativeTarget "RSLoginScreen" */ = {
			isa = XCConfigurationList;
			buildConfigurations = (
				6CE485B3268E1F3800636AFB /* Debug */,
				6CE485B4268E1F3800636AFB /* Release */,
			);
			defaultConfigurationIsVisible = 0;
			defaultConfigurationName = Release;
		};
/* End XCConfigurationList section */
	};
	rootObject = 6CE48591268E1F3100636AFB /* Project object */;
}
